// !$*UTF8*$!
{
	archiveVersion = 1;
	classes = {
	};
	objectVersion = 50;
	objects = {

/* Begin PBXBuildFile section */
		54847DD123E60EA9006A885C /* AppDelegate.swift in Sources */ = {isa = PBXBuildFile; fileRef = 54847DD023E60EA9006A885C /* AppDelegate.swift */; };
		54847DD323E60EA9006A885C /* SceneDelegate.swift in Sources */ = {isa = PBXBuildFile; fileRef = 54847DD223E60EA9006A885C /* SceneDelegate.swift */; };
		54847DD523E60EA9006A885C /* ViewController.swift in Sources */ = {isa = PBXBuildFile; fileRef = 54847DD423E60EA9006A885C /* ViewController.swift */; };
		54847DD823E60EA9006A885C /* Main.storyboard in Resources */ = {isa = PBXBuildFile; fileRef = 54847DD623E60EA9006A885C /* Main.storyboard */; };
		54847DDA23E60EAB006A885C /* Assets.xcassets in Resources */ = {isa = PBXBuildFile; fileRef = 54847DD923E60EAB006A885C /* Assets.xcassets */; };
		54847DDD23E60EAB006A885C /* LaunchScreen.storyboard in Resources */ = {isa = PBXBuildFile; fileRef = 54847DDB23E60EAB006A885C /* LaunchScreen.storyboard */; };
		54847DE523E610AF006A885C /* GoogleService-Info.plist in Resources */ = {isa = PBXBuildFile; fileRef = 54847DE423E610AF006A885C /* GoogleService-Info.plist */; };
		F24D11BB116E056C6B98671F /* Pods_Straw.framework in Frameworks */ = {isa = PBXBuildFile; fileRef = F81CCD92EADFEC99A7B0D9F9 /* Pods_Straw.framework */; };
/* End PBXBuildFile section */

/* Begin PBXFileReference section */
		54847DCD23E60EA9006A885C /* Straw.app */ = {isa = PBXFileReference; explicitFileType = wrapper.application; includeInIndex = 0; path = Straw.app; sourceTree = BUILT_PRODUCTS_DIR; };
		54847DD023E60EA9006A885C /* AppDelegate.swift */ = {isa = PBXFileReference; lastKnownFileType = sourcecode.swift; path = AppDelegate.swift; sourceTree = "<group>"; };
		54847DD223E60EA9006A885C /* SceneDelegate.swift */ = {isa = PBXFileReference; lastKnownFileType = sourcecode.swift; path = SceneDelegate.swift; sourceTree = "<group>"; };
		54847DD423E60EA9006A885C /* ViewController.swift */ = {isa = PBXFileReference; lastKnownFileType = sourcecode.swift; path = ViewController.swift; sourceTree = "<group>"; };
		54847DD723E60EA9006A885C /* Base */ = {isa = PBXFileReference; lastKnownFileType = file.storyboard; name = Base; path = Base.lproj/Main.storyboard; sourceTree = "<group>"; };
		54847DD923E60EAB006A885C /* Assets.xcassets */ = {isa = PBXFileReference; lastKnownFileType = folder.assetcatalog; path = Assets.xcassets; sourceTree = "<group>"; };
		54847DDC23E60EAB006A885C /* Base */ = {isa = PBXFileReference; lastKnownFileType = file.storyboard; name = Base; path = Base.lproj/LaunchScreen.storyboard; sourceTree = "<group>"; };
		54847DDE23E60EAB006A885C /* Info.plist */ = {isa = PBXFileReference; lastKnownFileType = text.plist.xml; path = Info.plist; sourceTree = "<group>"; };
		54847DE423E610AF006A885C /* GoogleService-Info.plist */ = {isa = PBXFileReference; fileEncoding = 4; lastKnownFileType = text.plist.xml; path = "GoogleService-Info.plist"; sourceTree = "<group>"; };
		6B63C03D62DA30D7BACB7EC5 /* Pods-Straw.release.xcconfig */ = {isa = PBXFileReference; includeInIndex = 1; lastKnownFileType = text.xcconfig; name = "Pods-Straw.release.xcconfig"; path = "Target Support Files/Pods-Straw/Pods-Straw.release.xcconfig"; sourceTree = "<group>"; };
		AACBB265D21841119356854D /* Pods-Straw.debug.xcconfig */ = {isa = PBXFileReference; includeInIndex = 1; lastKnownFileType = text.xcconfig; name = "Pods-Straw.debug.xcconfig"; path = "Target Support Files/Pods-Straw/Pods-Straw.debug.xcconfig"; sourceTree = "<group>"; };
		F81CCD92EADFEC99A7B0D9F9 /* Pods_Straw.framework */ = {isa = PBXFileReference; explicitFileType = wrapper.framework; includeInIndex = 0; path = Pods_Straw.framework; sourceTree = BUILT_PRODUCTS_DIR; };
/* End PBXFileReference section */

/* Begin PBXFrameworksBuildPhase section */
		54847DCA23E60EA9006A885C /* Frameworks */ = {
			isa = PBXFrameworksBuildPhase;
			buildActionMask = 2147483647;
			files = (
				F24D11BB116E056C6B98671F /* Pods_Straw.framework in Frameworks */,
			);
			runOnlyForDeploymentPostprocessing = 0;
		};
/* End PBXFrameworksBuildPhase section */

/* Begin PBXGroup section */
		1CFEF846D49D026DB2182601 /* Frameworks */ = {
			isa = PBXGroup;
			children = (
				F81CCD92EADFEC99A7B0D9F9 /* Pods_Straw.framework */,
			);
			name = Frameworks;
			sourceTree = "<group>";
		};
		3C211CD593F9ABB4BD1E406E /* Pods */ = {
			isa = PBXGroup;
			children = (
				AACBB265D21841119356854D /* Pods-Straw.debug.xcconfig */,
				6B63C03D62DA30D7BACB7EC5 /* Pods-Straw.release.xcconfig */,
			);
			name = Pods;
			path = Pods;
			sourceTree = "<group>";
		};
		54847DC423E60EA9006A885C = {
			isa = PBXGroup;
			children = (
				54847DCF23E60EA9006A885C /* Straw */,
				54847DCE23E60EA9006A885C /* Products */,
				3C211CD593F9ABB4BD1E406E /* Pods */,
				1CFEF846D49D026DB2182601 /* Frameworks */,
			);
			sourceTree = "<group>";
		};
		54847DCE23E60EA9006A885C /* Products */ = {
			isa = PBXGroup;
			children = (
				54847DCD23E60EA9006A885C /* Straw.app */,
			);
			name = Products;
			sourceTree = "<group>";
		};
		54847DCF23E60EA9006A885C /* Straw */ = {
			isa = PBXGroup;
			children = (
				54847DD023E60EA9006A885C /* AppDelegate.swift */,
				54847DD223E60EA9006A885C /* SceneDelegate.swift */,
				54847DD423E60EA9006A885C /* ViewController.swift */,
				54847DD623E60EA9006A885C /* Main.storyboard */,
				54847DD923E60EAB006A885C /* Assets.xcassets */,
				54847DDB23E60EAB006A885C /* LaunchScreen.storyboard */,
				54847DDE23E60EAB006A885C /* Info.plist */,
				54847DE423E610AF006A885C /* GoogleService-Info.plist */,
			);
			path = Straw;
			sourceTree = "<group>";
		};
/* End PBXGroup section */

/* Begin PBXNativeTarget section */
		54847DCC23E60EA9006A885C /* Straw */ = {
			isa = PBXNativeTarget;
			buildConfigurationList = 54847DE123E60EAB006A885C /* Build configuration list for PBXNativeTarget "Straw" */;
			buildPhases = (
				5171E2C3CA1FBD5E8A8C79BD /* [CP] Check Pods Manifest.lock */,
				54847DC923E60EA9006A885C /* Sources */,
				54847DCA23E60EA9006A885C /* Frameworks */,
				54847DCB23E60EA9006A885C /* Resources */,
				1CA2235938938B832D33B676 /* [CP] Embed Pods Frameworks */,
			);
			buildRules = (
			);
			dependencies = (
			);
			name = Straw;
			productName = Straw;
			productReference = 54847DCD23E60EA9006A885C /* Straw.app */;
			productType = "com.apple.product-type.application";
		};
/* End PBXNativeTarget section */

/* Begin PBXProject section */
		54847DC523E60EA9006A885C /* Project object */ = {
			isa = PBXProject;
			attributes = {
				LastSwiftUpdateCheck = 1130;
				LastUpgradeCheck = 1130;
				ORGANIZATIONNAME = "Anuj Vasil";
				TargetAttributes = {
					54847DCC23E60EA9006A885C = {
						CreatedOnToolsVersion = 11.3;
					};
				};
			};
			buildConfigurationList = 54847DC823E60EA9006A885C /* Build configuration list for PBXProject "Straw" */;
			compatibilityVersion = "Xcode 9.3";
			developmentRegion = en;
			hasScannedForEncodings = 0;
			knownRegions = (
				en,
				Base,
			);
			mainGroup = 54847DC423E60EA9006A885C;
			productRefGroup = 54847DCE23E60EA9006A885C /* Products */;
			projectDirPath = "";
			projectRoot = "";
			targets = (
				54847DCC23E60EA9006A885C /* Straw */,
			);
		};
/* End PBXProject section */

/* Begin PBXResourcesBuildPhase section */
		54847DCB23E60EA9006A885C /* Resources */ = {
			isa = PBXResourcesBuildPhase;
			buildActionMask = 2147483647;
			files = (
				54847DDD23E60EAB006A885C /* LaunchScreen.storyboard in Resources */,
				54847DE523E610AF006A885C /* GoogleService-Info.plist in Resources */,
				54847DDA23E60EAB006A885C /* Assets.xcassets in Resources */,
				54847DD823E60EA9006A885C /* Main.storyboard in Resources */,
			);
			runOnlyForDeploymentPostprocessing = 0;
		};
/* End PBXResourcesBuildPhase section */

/* Begin PBXShellScriptBuildPhase section */
		1CA2235938938B832D33B676 /* [CP] Embed Pods Frameworks */ = {
			isa = PBXShellScriptBuildPhase;
			buildActionMask = 2147483647;
			files = (
			);
			inputFileListPaths = (
				"${PODS_ROOT}/Target Support Files/Pods-Straw/Pods-Straw-frameworks-${CONFIGURATION}-input-files.xcfilelist",
			);
			name = "[CP] Embed Pods Frameworks";
			outputFileListPaths = (
				"${PODS_ROOT}/Target Support Files/Pods-Straw/Pods-Straw-frameworks-${CONFIGURATION}-output-files.xcfilelist",
			);
			runOnlyForDeploymentPostprocessing = 0;
			shellPath = /bin/sh;
			shellScript = "\"${PODS_ROOT}/Target Support Files/Pods-Straw/Pods-Straw-frameworks.sh\"\n";
			showEnvVarsInLog = 0;
		};
		5171E2C3CA1FBD5E8A8C79BD /* [CP] Check Pods Manifest.lock */ = {
			isa = PBXShellScriptBuildPhase;
			buildActionMask = 2147483647;
			files = (
			);
			inputFileListPaths = (
			);
			inputPaths = (
				"${PODS_PODFILE_DIR_PATH}/Podfile.lock",
				"${PODS_ROOT}/Manifest.lock",
			);
			name = "[CP] Check Pods Manifest.lock";
			outputFileListPaths = (
			);
			outputPaths = (
				"$(DERIVED_FILE_DIR)/Pods-Straw-checkManifestLockResult.txt",
			);
			runOnlyForDeploymentPostprocessing = 0;
			shellPath = /bin/sh;
			shellScript = "diff \"${PODS_PODFILE_DIR_PATH}/Podfile.lock\" \"${PODS_ROOT}/Manifest.lock\" > /dev/null\nif [ $? != 0 ] ; then\n    # print error to STDERR\n    echo \"error: The sandbox is not in sync with the Podfile.lock. Run 'pod install' or update your CocoaPods installation.\" >&2\n    exit 1\nfi\n# This output is used by Xcode 'outputs' to avoid re-running this script phase.\necho \"SUCCESS\" > \"${SCRIPT_OUTPUT_FILE_0}\"\n";
			showEnvVarsInLog = 0;
		};
/* End PBXShellScriptBuildPhase section */

/* Begin PBXSourcesBuildPhase section */
		54847DC923E60EA9006A885C /* Sources */ = {
			isa = PBXSourcesBuildPhase;
			buildActionMask = 2147483647;
			files = (
				54847DD523E60EA9006A885C /* ViewController.swift in Sources */,
				54847DD123E60EA9006A885C /* AppDelegate.swift in Sources */,
				54847DD323E60EA9006A885C /* SceneDelegate.swift in Sources */,
			);
			runOnlyForDeploymentPostprocessing = 0;
		};
/* End PBXSourcesBuildPhase section */

/* Begin PBXVariantGroup section */
		54847DD623E60EA9006A885C /* Main.storyboard */ = {
			isa = PBXVariantGroup;
			children = (
				54847DD723E60EA9006A885C /* Base */,
			);
			name = Main.storyboard;
			sourceTree = "<group>";
		};
		54847DDB23E60EAB006A885C /* LaunchScreen.storyboard */ = {
			isa = PBXVariantGroup;
			children = (
				54847DDC23E60EAB006A885C /* Base */,
			);
			name = LaunchScreen.storyboard;
			sourceTree = "<group>";
		};
/* End PBXVariantGroup section */

/* Begin XCBuildConfiguration section */
		54847DDF23E60EAB006A885C /* Debug */ = {
			isa = XCBuildConfiguration;
			buildSettings = {
				ALWAYS_SEARCH_USER_PATHS = NO;
				CLANG_ANALYZER_NONNULL = YES;
				CLANG_ANALYZER_NUMBER_OBJECT_CONVERSION = YES_AGGRESSIVE;
				CLANG_CXX_LANGUAGE_STANDARD = "gnu++14";
				CLANG_CXX_LIBRARY = "libc++";
				CLANG_ENABLE_MODULES = YES;
				CLANG_ENABLE_OBJC_ARC = YES;
				CLANG_ENABLE_OBJC_WEAK = YES;
				CLANG_WARN_BLOCK_CAPTURE_AUTORELEASING = YES;
				CLANG_WARN_BOOL_CONVERSION = YES;
				CLANG_WARN_COMMA = YES;
				CLANG_WARN_CONSTANT_CONVERSION = YES;
				CLANG_WARN_DEPRECATED_OBJC_IMPLEMENTATIONS = YES;
				CLANG_WARN_DIRECT_OBJC_ISA_USAGE = YES_ERROR;
				CLANG_WARN_DOCUMENTATION_COMMENTS = YES;
				CLANG_WARN_EMPTY_BODY = YES;
				CLANG_WARN_ENUM_CONVERSION = YES;
				CLANG_WARN_INFINITE_RECURSION = YES;
				CLANG_WARN_INT_CONVERSION = YES;
				CLANG_WARN_NON_LITERAL_NULL_CONVERSION = YES;
				CLANG_WARN_OBJC_IMPLICIT_RETAIN_SELF = YES;
				CLANG_WARN_OBJC_LITERAL_CONVERSION = YES;
				CLANG_WARN_OBJC_ROOT_CLASS = YES_ERROR;
				CLANG_WARN_RANGE_LOOP_ANALYSIS = YES;
				CLANG_WARN_STRICT_PROTOTYPES = YES;
				CLANG_WARN_SUSPICIOUS_MOVE = YES;
				CLANG_WARN_UNGUARDED_AVAILABILITY = YES_AGGRESSIVE;
				CLANG_WARN_UNREACHABLE_CODE = YES;
				CLANG_WARN__DUPLICATE_METHOD_MATCH = YES;
				COPY_PHASE_STRIP = NO;
				DEBUG_INFORMATION_FORMAT = dwarf;
				ENABLE_STRICT_OBJC_MSGSEND = YES;
				ENABLE_TESTABILITY = YES;
				GCC_C_LANGUAGE_STANDARD = gnu11;
				GCC_DYNAMIC_NO_PIC = NO;
				GCC_NO_COMMON_BLOCKS = YES;
				GCC_OPTIMIZATION_LEVEL = 0;
				GCC_PREPROCESSOR_DEFINITIONS = (
					"DEBUG=1",
					"$(inherited)",
				);
				GCC_WARN_64_TO_32_BIT_CONVERSION = YES;
				GCC_WARN_ABOUT_RETURN_TYPE = YES_ERROR;
				GCC_WARN_UNDECLARED_SELECTOR = YES;
				GCC_WARN_UNINITIALIZED_AUTOS = YES_AGGRESSIVE;
				GCC_WARN_UNUSED_FUNCTION = YES;
				GCC_WARN_UNUSED_VARIABLE = YES;
				IPHONEOS_DEPLOYMENT_TARGET = 13.2;
				MTL_ENABLE_DEBUG_INFO = INCLUDE_SOURCE;
				MTL_FAST_MATH = YES;
				ONLY_ACTIVE_ARCH = YES;
				SDKROOT = iphoneos;
				SWIFT_ACTIVE_COMPILATION_CONDITIONS = DEBUG;
				SWIFT_OPTIMIZATION_LEVEL = "-Onone";
			};
			name = Debug;
		};
		54847DE023E60EAB006A885C /* Release */ = {
			isa = XCBuildConfiguration;
			buildSettings = {
				ALWAYS_SEARCH_USER_PATHS = NO;
				CLANG_ANALYZER_NONNULL = YES;
				CLANG_ANALYZER_NUMBER_OBJECT_CONVERSION = YES_AGGRESSIVE;
				CLANG_CXX_LANGUAGE_STANDARD = "gnu++14";
				CLANG_CXX_LIBRARY = "libc++";
				CLANG_ENABLE_MODULES = YES;
				CLANG_ENABLE_OBJC_ARC = YES;
				CLANG_ENABLE_OBJC_WEAK = YES;
				CLANG_WARN_BLOCK_CAPTURE_AUTORELEASING = YES;
				CLANG_WARN_BOOL_CONVERSION = YES;
				CLANG_WARN_COMMA = YES;
				CLANG_WARN_CONSTANT_CONVERSION = YES;
				CLANG_WARN_DEPRECATED_OBJC_IMPLEMENTATIONS = YES;
				CLANG_WARN_DIRECT_OBJC_ISA_USAGE = YES_ERROR;
				CLANG_WARN_DOCUMENTATION_COMMENTS = YES;
				CLANG_WARN_EMPTY_BODY = YES;
				CLANG_WARN_ENUM_CONVERSION = YES;
				CLANG_WARN_INFINITE_RECURSION = YES;
				CLANG_WARN_INT_CONVERSION = YES;
				CLANG_WARN_NON_LITERAL_NULL_CONVERSION = YES;
				CLANG_WARN_OBJC_IMPLICIT_RETAIN_SELF = YES;
				CLANG_WARN_OBJC_LITERAL_CONVERSION = YES;
				CLANG_WARN_OBJC_ROOT_CLASS = YES_ERROR;
				CLANG_WARN_RANGE_LOOP_ANALYSIS = YES;
				CLANG_WARN_STRICT_PROTOTYPES = YES;
				CLANG_WARN_SUSPICIOUS_MOVE = YES;
				CLANG_WARN_UNGUARDED_AVAILABILITY = YES_AGGRESSIVE;
				CLANG_WARN_UNREACHABLE_CODE = YES;
				CLANG_WARN__DUPLICATE_METHOD_MATCH = YES;
				COPY_PHASE_STRIP = NO;
				DEBUG_INFORMATION_FORMAT = "dwarf-with-dsym";
				ENABLE_NS_ASSERTIONS = NO;
				ENABLE_STRICT_OBJC_MSGSEND = YES;
				GCC_C_LANGUAGE_STANDARD = gnu11;
				GCC_NO_COMMON_BLOCKS = YES;
				GCC_WARN_64_TO_32_BIT_CONVERSION = YES;
				GCC_WARN_ABOUT_RETURN_TYPE = YES_ERROR;
				GCC_WARN_UNDECLARED_SELECTOR = YES;
				GCC_WARN_UNINITIALIZED_AUTOS = YES_AGGRESSIVE;
				GCC_WARN_UNUSED_FUNCTION = YES;
				GCC_WARN_UNUSED_VARIABLE = YES;
				IPHONEOS_DEPLOYMENT_TARGET = 13.2;
				MTL_ENABLE_DEBUG_INFO = NO;
				MTL_FAST_MATH = YES;
				SDKROOT = iphoneos;
				SWIFT_COMPILATION_MODE = wholemodule;
				SWIFT_OPTIMIZATION_LEVEL = "-O";
				VALIDATE_PRODUCT = YES;
			};
			name = Release;
		};
		54847DE223E60EAB006A885C /* Debug */ = {
			isa = XCBuildConfiguration;
			baseConfigurationReference = AACBB265D21841119356854D /* Pods-Straw.debug.xcconfig */;
			buildSettings = {
				ASSETCATALOG_COMPILER_APPICON_NAME = AppIcon;
				CODE_SIGN_STYLE = Automatic;
				INFOPLIST_FILE = Straw/Info.plist;
				LD_RUNPATH_SEARCH_PATHS = (
					"$(inherited)",
					"@executable_path/Frameworks",
				);
				PRODUCT_BUNDLE_IDENTIFIER = anujvasil.Straw;
				PRODUCT_NAME = "$(TARGET_NAME)";
				SWIFT_VERSION = 5.0;
				TARGETED_DEVICE_FAMILY = "1,2";
			};
			name = Debug;
		};
		54847DE323E60EAB006A885C /* Release */ = {
			isa = XCBuildConfiguration;
			baseConfigurationReference = 6B63C03D62DA30D7BACB7EC5 /* Pods-Straw.release.xcconfig */;
			buildSettings = {
				ASSETCATALOG_COMPILER_APPICON_NAME = AppIcon;
				CODE_SIGN_STYLE = Automatic;
				INFOPLIST_FILE = Straw/Info.plist;
				LD_RUNPATH_SEARCH_PATHS = (
					"$(inherited)",
					"@executable_path/Frameworks",
				);
				PRODUCT_BUNDLE_IDENTIFIER = anujvasil.Straw;
				PRODUCT_NAME = "$(TARGET_NAME)";
				SWIFT_VERSION = 5.0;
				TARGETED_DEVICE_FAMILY = "1,2";
			};
			name = Release;
		};
/* End XCBuildConfiguration section */

/* Begin XCConfigurationList section */
		54847DC823E60EA9006A885C /* Build configuration list for PBXProject "Straw" */ = {
			isa = XCConfigurationList;
			buildConfigurations = (
				54847DDF23E60EAB006A885C /* Debug */,
				54847DE023E60EAB006A885C /* Release */,
			);
			defaultConfigurationIsVisible = 0;
			defaultConfigurationName = Release;
		};
		54847DE123E60EAB006A885C /* Build configuration list for PBXNativeTarget "Straw" */ = {
			isa = XCConfigurationList;
			buildConfigurations = (
				54847DE223E60EAB006A885C /* Debug */,
				54847DE323E60EAB006A885C /* Release */,
			);
			defaultConfigurationIsVisible = 0;
			defaultConfigurationName = Release;
		};
/* End XCConfigurationList section */
	};
	rootObject = 54847DC523E60EA9006A885C /* Project object */;
}
